// !$*UTF8*$!
{
	archiveVersion = 1;
	classes = {
	};
	objectVersion = 50;
	objects = {

/* Begin PBXBuildFile section */
		4589684F261D21DD00B5CD7C /* CameraViewController.swift in Sources */ = {isa = PBXBuildFile; fileRef = 4589684E261D21DD00B5CD7C /* CameraViewController.swift */; };
		45896854261D29E500B5CD7C /* PhotoCaptureDelegate.swift in Sources */ = {isa = PBXBuildFile; fileRef = 45896853261D29E500B5CD7C /* PhotoCaptureDelegate.swift */; };
		45896859261D2A0D00B5CD7C /* LICENSE in Resources */ = {isa = PBXBuildFile; fileRef = 45896858261D2A0D00B5CD7C /* LICENSE */; };
		45896877261E649600B5CD7C /* ItemSelectionViewController.swift in Sources */ = {isa = PBXBuildFile; fileRef = 45896876261E649600B5CD7C /* ItemSelectionViewController.swift */; };
		D44DBFD2261D16CD00B6619F /* AppDelegate.swift in Sources */ = {isa = PBXBuildFile; fileRef = D44DBFD1261D16CD00B6619F /* AppDelegate.swift */; };
		D44DBFD4261D16CD00B6619F /* SceneDelegate.swift in Sources */ = {isa = PBXBuildFile; fileRef = D44DBFD3261D16CD00B6619F /* SceneDelegate.swift */; };
		D44DBFDB261D16D000B6619F /* Assets.xcassets in Resources */ = {isa = PBXBuildFile; fileRef = D44DBFDA261D16D000B6619F /* Assets.xcassets */; };
		D44DBFDE261D16D000B6619F /* LaunchScreen.storyboard in Resources */ = {isa = PBXBuildFile; fileRef = D44DBFDC261D16D000B6619F /* LaunchScreen.storyboard */; };
		D44DBFE9261D16D100B6619F /* BackgroundEditorTests.swift in Sources */ = {isa = PBXBuildFile; fileRef = D44DBFE8261D16D100B6619F /* BackgroundEditorTests.swift */; };
		D44DBFF4261D16D100B6619F /* BackgroundEditorUITests.swift in Sources */ = {isa = PBXBuildFile; fileRef = D44DBFF3261D16D100B6619F /* BackgroundEditorUITests.swift */; };
		D44DC015261D410900B6619F /* ImagePreviewViewController.swift in Sources */ = {isa = PBXBuildFile; fileRef = D44DC014261D410900B6619F /* ImagePreviewViewController.swift */; };
		D4D8B86C261D69F500F7F6C3 /* SampleImage.swift in Sources */ = {isa = PBXBuildFile; fileRef = D4D8B86B261D69F500F7F6C3 /* SampleImage.swift */; };
		D4D8B871261D6D4400F7F6C3 /* IMG_1311.heic in Resources */ = {isa = PBXBuildFile; fileRef = D4D8B870261D6D4400F7F6C3 /* IMG_1311.heic */; };
		D4D8B877261D711D00F7F6C3 /* DepthImageFilters.swift in Sources */ = {isa = PBXBuildFile; fileRef = D4D8B876261D711D00F7F6C3 /* DepthImageFilters.swift */; };
/* End PBXBuildFile section */

/* Begin PBXContainerItemProxy section */
		D44DBFE5261D16D100B6619F /* PBXContainerItemProxy */ = {
			isa = PBXContainerItemProxy;
			containerPortal = D44DBFC6261D16CD00B6619F /* Project object */;
			proxyType = 1;
			remoteGlobalIDString = D44DBFCD261D16CD00B6619F;
			remoteInfo = BackgroundEditor;
		};
		D44DBFF0261D16D100B6619F /* PBXContainerItemProxy */ = {
			isa = PBXContainerItemProxy;
			containerPortal = D44DBFC6261D16CD00B6619F /* Project object */;
			proxyType = 1;
			remoteGlobalIDString = D44DBFCD261D16CD00B6619F;
			remoteInfo = BackgroundEditor;
		};
/* End PBXContainerItemProxy section */

/* Begin PBXFileReference section */
		4589684E261D21DD00B5CD7C /* CameraViewController.swift */ = {isa = PBXFileReference; lastKnownFileType = sourcecode.swift; path = CameraViewController.swift; sourceTree = "<group>"; };
		45896853261D29E500B5CD7C /* PhotoCaptureDelegate.swift */ = {isa = PBXFileReference; fileEncoding = 4; lastKnownFileType = sourcecode.swift; path = PhotoCaptureDelegate.swift; sourceTree = "<group>"; };
		45896858261D2A0D00B5CD7C /* LICENSE */ = {isa = PBXFileReference; lastKnownFileType = folder; path = LICENSE; sourceTree = "<group>"; };
		45896876261E649600B5CD7C /* ItemSelectionViewController.swift */ = {isa = PBXFileReference; fileEncoding = 4; lastKnownFileType = sourcecode.swift; path = ItemSelectionViewController.swift; sourceTree = "<group>"; };
		D44DBFCE261D16CD00B6619F /* BackgroundEditor.app */ = {isa = PBXFileReference; explicitFileType = wrapper.application; includeInIndex = 0; path = BackgroundEditor.app; sourceTree = BUILT_PRODUCTS_DIR; };
		D44DBFD1261D16CD00B6619F /* AppDelegate.swift */ = {isa = PBXFileReference; lastKnownFileType = sourcecode.swift; path = AppDelegate.swift; sourceTree = "<group>"; };
		D44DBFD3261D16CD00B6619F /* SceneDelegate.swift */ = {isa = PBXFileReference; lastKnownFileType = sourcecode.swift; path = SceneDelegate.swift; sourceTree = "<group>"; };
		D44DBFDA261D16D000B6619F /* Assets.xcassets */ = {isa = PBXFileReference; lastKnownFileType = folder.assetcatalog; path = Assets.xcassets; sourceTree = "<group>"; };
		D44DBFDD261D16D000B6619F /* Base */ = {isa = PBXFileReference; lastKnownFileType = file.storyboard; name = Base; path = Base.lproj/LaunchScreen.storyboard; sourceTree = "<group>"; };
		D44DBFDF261D16D000B6619F /* Info.plist */ = {isa = PBXFileReference; lastKnownFileType = text.plist.xml; path = Info.plist; sourceTree = "<group>"; };
		D44DBFE4261D16D100B6619F /* BackgroundEditorTests.xctest */ = {isa = PBXFileReference; explicitFileType = wrapper.cfbundle; includeInIndex = 0; path = BackgroundEditorTests.xctest; sourceTree = BUILT_PRODUCTS_DIR; };
		D44DBFE8261D16D100B6619F /* BackgroundEditorTests.swift */ = {isa = PBXFileReference; lastKnownFileType = sourcecode.swift; path = BackgroundEditorTests.swift; sourceTree = "<group>"; };
		D44DBFEA261D16D100B6619F /* Info.plist */ = {isa = PBXFileReference; lastKnownFileType = text.plist.xml; path = Info.plist; sourceTree = "<group>"; };
		D44DBFEF261D16D100B6619F /* BackgroundEditorUITests.xctest */ = {isa = PBXFileReference; explicitFileType = wrapper.cfbundle; includeInIndex = 0; path = BackgroundEditorUITests.xctest; sourceTree = BUILT_PRODUCTS_DIR; };
		D44DBFF3261D16D100B6619F /* BackgroundEditorUITests.swift */ = {isa = PBXFileReference; lastKnownFileType = sourcecode.swift; path = BackgroundEditorUITests.swift; sourceTree = "<group>"; };
		D44DBFF5261D16D100B6619F /* Info.plist */ = {isa = PBXFileReference; lastKnownFileType = text.plist.xml; path = Info.plist; sourceTree = "<group>"; };
		D44DC014261D410900B6619F /* ImagePreviewViewController.swift */ = {isa = PBXFileReference; lastKnownFileType = sourcecode.swift; path = ImagePreviewViewController.swift; sourceTree = "<group>"; };
		D4D8B86B261D69F500F7F6C3 /* SampleImage.swift */ = {isa = PBXFileReference; lastKnownFileType = sourcecode.swift; path = SampleImage.swift; sourceTree = "<group>"; };
		D4D8B870261D6D4400F7F6C3 /* IMG_1311.heic */ = {isa = PBXFileReference; lastKnownFileType = file; path = IMG_1311.heic; sourceTree = "<group>"; };
		D4D8B876261D711D00F7F6C3 /* DepthImageFilters.swift */ = {isa = PBXFileReference; lastKnownFileType = sourcecode.swift; path = DepthImageFilters.swift; sourceTree = "<group>"; };
/* End PBXFileReference section */

/* Begin PBXFrameworksBuildPhase section */
		D44DBFCB261D16CD00B6619F /* Frameworks */ = {
			isa = PBXFrameworksBuildPhase;
			buildActionMask = 2147483647;
			files = (
			);
			runOnlyForDeploymentPostprocessing = 0;
		};
		D44DBFE1261D16D100B6619F /* Frameworks */ = {
			isa = PBXFrameworksBuildPhase;
			buildActionMask = 2147483647;
			files = (
			);
			runOnlyForDeploymentPostprocessing = 0;
		};
		D44DBFEC261D16D100B6619F /* Frameworks */ = {
			isa = PBXFrameworksBuildPhase;
			buildActionMask = 2147483647;
			files = (
			);
			runOnlyForDeploymentPostprocessing = 0;
		};
/* End PBXFrameworksBuildPhase section */

/* Begin PBXGroup section */
		D44DBFC5261D16CD00B6619F = {
			isa = PBXGroup;
			children = (
				D44DBFD0261D16CD00B6619F /* BackgroundEditor */,
				D44DBFE7261D16D100B6619F /* BackgroundEditorTests */,
				D44DBFF2261D16D100B6619F /* BackgroundEditorUITests */,
				D44DBFCF261D16CD00B6619F /* Products */,
			);
			sourceTree = "<group>";
		};
		D44DBFCF261D16CD00B6619F /* Products */ = {
			isa = PBXGroup;
			children = (
				D44DBFCE261D16CD00B6619F /* BackgroundEditor.app */,
				D44DBFE4261D16D100B6619F /* BackgroundEditorTests.xctest */,
				D44DBFEF261D16D100B6619F /* BackgroundEditorUITests.xctest */,
			);
			name = Products;
			sourceTree = "<group>";
		};
		D44DBFD0261D16CD00B6619F /* BackgroundEditor */ = {
			isa = PBXGroup;
			children = (
				D4D8B870261D6D4400F7F6C3 /* IMG_1311.heic */,
				45896876261E649600B5CD7C /* ItemSelectionViewController.swift */,
				D44DBFD1261D16CD00B6619F /* AppDelegate.swift */,
				D44DBFD3261D16CD00B6619F /* SceneDelegate.swift */,
				D44DC014261D410900B6619F /* ImagePreviewViewController.swift */,
				D44DBFDA261D16D000B6619F /* Assets.xcassets */,
				D44DBFDC261D16D000B6619F /* LaunchScreen.storyboard */,
				D44DBFDF261D16D000B6619F /* Info.plist */,
				D4D8B86B261D69F500F7F6C3 /* SampleImage.swift */,
				D4D8B876261D711D00F7F6C3 /* DepthImageFilters.swift */,
				4589684E261D21DD00B5CD7C /* CameraViewController.swift */,
				45896853261D29E500B5CD7C /* PhotoCaptureDelegate.swift */,
				45896858261D2A0D00B5CD7C /* LICENSE */,
			);
			path = BackgroundEditor;
			sourceTree = "<group>";
		};
		D44DBFE7261D16D100B6619F /* BackgroundEditorTests */ = {
			isa = PBXGroup;
			children = (
				D44DBFE8261D16D100B6619F /* BackgroundEditorTests.swift */,
				D44DBFEA261D16D100B6619F /* Info.plist */,
			);
			path = BackgroundEditorTests;
			sourceTree = "<group>";
		};
		D44DBFF2261D16D100B6619F /* BackgroundEditorUITests */ = {
			isa = PBXGroup;
			children = (
				D44DBFF3261D16D100B6619F /* BackgroundEditorUITests.swift */,
				D44DBFF5261D16D100B6619F /* Info.plist */,
			);
			path = BackgroundEditorUITests;
			sourceTree = "<group>";
		};
/* End PBXGroup section */

/* Begin PBXNativeTarget section */
		D44DBFCD261D16CD00B6619F /* BackgroundEditor */ = {
			isa = PBXNativeTarget;
			buildConfigurationList = D44DBFF8261D16D100B6619F /* Build configuration list for PBXNativeTarget "BackgroundEditor" */;
			buildPhases = (
				D44DBFCA261D16CD00B6619F /* Sources */,
				D44DBFCB261D16CD00B6619F /* Frameworks */,
				D44DBFCC261D16CD00B6619F /* Resources */,
			);
			buildRules = (
			);
			dependencies = (
			);
			name = BackgroundEditor;
			productName = BackgroundEditor;
			productReference = D44DBFCE261D16CD00B6619F /* BackgroundEditor.app */;
			productType = "com.apple.product-type.application";
		};
		D44DBFE3261D16D100B6619F /* BackgroundEditorTests */ = {
			isa = PBXNativeTarget;
			buildConfigurationList = D44DBFFB261D16D100B6619F /* Build configuration list for PBXNativeTarget "BackgroundEditorTests" */;
			buildPhases = (
				D44DBFE0261D16D100B6619F /* Sources */,
				D44DBFE1261D16D100B6619F /* Frameworks */,
				D44DBFE2261D16D100B6619F /* Resources */,
			);
			buildRules = (
			);
			dependencies = (
				D44DBFE6261D16D100B6619F /* PBXTargetDependency */,
			);
			name = BackgroundEditorTests;
			productName = BackgroundEditorTests;
			productReference = D44DBFE4261D16D100B6619F /* BackgroundEditorTests.xctest */;
			productType = "com.apple.product-type.bundle.unit-test";
		};
		D44DBFEE261D16D100B6619F /* BackgroundEditorUITests */ = {
			isa = PBXNativeTarget;
			buildConfigurationList = D44DBFFE261D16D100B6619F /* Build configuration list for PBXNativeTarget "BackgroundEditorUITests" */;
			buildPhases = (
				D44DBFEB261D16D100B6619F /* Sources */,
				D44DBFEC261D16D100B6619F /* Frameworks */,
				D44DBFED261D16D100B6619F /* Resources */,
			);
			buildRules = (
			);
			dependencies = (
				D44DBFF1261D16D100B6619F /* PBXTargetDependency */,
			);
			name = BackgroundEditorUITests;
			productName = BackgroundEditorUITests;
			productReference = D44DBFEF261D16D100B6619F /* BackgroundEditorUITests.xctest */;
			productType = "com.apple.product-type.bundle.ui-testing";
		};
/* End PBXNativeTarget section */

/* Begin PBXProject section */
		D44DBFC6261D16CD00B6619F /* Project object */ = {
			isa = PBXProject;
			attributes = {
				LastSwiftUpdateCheck = 1240;
				LastUpgradeCheck = 1240;
				TargetAttributes = {
					D44DBFCD261D16CD00B6619F = {
						CreatedOnToolsVersion = 12.4;
					};
					D44DBFE3261D16D100B6619F = {
						CreatedOnToolsVersion = 12.4;
						TestTargetID = D44DBFCD261D16CD00B6619F;
					};
					D44DBFEE261D16D100B6619F = {
						CreatedOnToolsVersion = 12.4;
						TestTargetID = D44DBFCD261D16CD00B6619F;
					};
				};
			};
			buildConfigurationList = D44DBFC9261D16CD00B6619F /* Build configuration list for PBXProject "BackgroundEditor" */;
			compatibilityVersion = "Xcode 9.3";
			developmentRegion = en;
			hasScannedForEncodings = 0;
			knownRegions = (
				en,
				Base,
			);
			mainGroup = D44DBFC5261D16CD00B6619F;
			productRefGroup = D44DBFCF261D16CD00B6619F /* Products */;
			projectDirPath = "";
			projectRoot = "";
			targets = (
				D44DBFCD261D16CD00B6619F /* BackgroundEditor */,
				D44DBFE3261D16D100B6619F /* BackgroundEditorTests */,
				D44DBFEE261D16D100B6619F /* BackgroundEditorUITests */,
			);
		};
/* End PBXProject section */

/* Begin PBXResourcesBuildPhase section */
		D44DBFCC261D16CD00B6619F /* Resources */ = {
			isa = PBXResourcesBuildPhase;
			buildActionMask = 2147483647;
			files = (
				D44DBFDE261D16D000B6619F /* LaunchScreen.storyboard in Resources */,
				D44DBFDB261D16D000B6619F /* Assets.xcassets in Resources */,
				D4D8B871261D6D4400F7F6C3 /* IMG_1311.heic in Resources */,
				45896859261D2A0D00B5CD7C /* LICENSE in Resources */,
			);
			runOnlyForDeploymentPostprocessing = 0;
		};
		D44DBFE2261D16D100B6619F /* Resources */ = {
			isa = PBXResourcesBuildPhase;
			buildActionMask = 2147483647;
			files = (
			);
			runOnlyForDeploymentPostprocessing = 0;
		};
		D44DBFED261D16D100B6619F /* Resources */ = {
			isa = PBXResourcesBuildPhase;
			buildActionMask = 2147483647;
			files = (
			);
			runOnlyForDeploymentPostprocessing = 0;
		};
/* End PBXResourcesBuildPhase section */

/* Begin PBXSourcesBuildPhase section */
		D44DBFCA261D16CD00B6619F /* Sources */ = {
			isa = PBXSourcesBuildPhase;
			buildActionMask = 2147483647;
			files = (
				D4D8B86C261D69F500F7F6C3 /* SampleImage.swift in Sources */,
				D4D8B877261D711D00F7F6C3 /* DepthImageFilters.swift in Sources */,
				4589684F261D21DD00B5CD7C /* CameraViewController.swift in Sources */,
				D44DBFD2261D16CD00B6619F /* AppDelegate.swift in Sources */,
				D44DC015261D410900B6619F /* ImagePreviewViewController.swift in Sources */,
				45896854261D29E500B5CD7C /* PhotoCaptureDelegate.swift in Sources */,
				45896877261E649600B5CD7C /* ItemSelectionViewController.swift in Sources */,
				D44DBFD4261D16CD00B6619F /* SceneDelegate.swift in Sources */,
			);
			runOnlyForDeploymentPostprocessing = 0;
		};
		D44DBFE0261D16D100B6619F /* Sources */ = {
			isa = PBXSourcesBuildPhase;
			buildActionMask = 2147483647;
			files = (
				D44DBFE9261D16D100B6619F /* BackgroundEditorTests.swift in Sources */,
			);
			runOnlyForDeploymentPostprocessing = 0;
		};
		D44DBFEB261D16D100B6619F /* Sources */ = {
			isa = PBXSourcesBuildPhase;
			buildActionMask = 2147483647;
			files = (
				D44DBFF4261D16D100B6619F /* BackgroundEditorUITests.swift in Sources */,
			);
			runOnlyForDeploymentPostprocessing = 0;
		};
/* End PBXSourcesBuildPhase section */

/* Begin PBXTargetDependency section */
		D44DBFE6261D16D100B6619F /* PBXTargetDependency */ = {
			isa = PBXTargetDependency;
			target = D44DBFCD261D16CD00B6619F /* BackgroundEditor */;
			targetProxy = D44DBFE5261D16D100B6619F /* PBXContainerItemProxy */;
		};
		D44DBFF1261D16D100B6619F /* PBXTargetDependency */ = {
			isa = PBXTargetDependency;
			target = D44DBFCD261D16CD00B6619F /* BackgroundEditor */;
			targetProxy = D44DBFF0261D16D100B6619F /* PBXContainerItemProxy */;
		};
/* End PBXTargetDependency section */

/* Begin PBXVariantGroup section */
		D44DBFDC261D16D000B6619F /* LaunchScreen.storyboard */ = {
			isa = PBXVariantGroup;
			children = (
				D44DBFDD261D16D000B6619F /* Base */,
			);
			name = LaunchScreen.storyboard;
			sourceTree = "<group>";
		};
/* End PBXVariantGroup section */

/* Begin XCBuildConfiguration section */
		D44DBFF6261D16D100B6619F /* Debug */ = {
			isa = XCBuildConfiguration;
			buildSettings = {
				ALWAYS_SEARCH_USER_PATHS = NO;
				CLANG_ANALYZER_NONNULL = YES;
				CLANG_ANALYZER_NUMBER_OBJECT_CONVERSION = YES_AGGRESSIVE;
				CLANG_CXX_LANGUAGE_STANDARD = "gnu++14";
				CLANG_CXX_LIBRARY = "libc++";
				CLANG_ENABLE_MODULES = YES;
				CLANG_ENABLE_OBJC_ARC = YES;
				CLANG_ENABLE_OBJC_WEAK = YES;
				CLANG_WARN_BLOCK_CAPTURE_AUTORELEASING = YES;
				CLANG_WARN_BOOL_CONVERSION = YES;
				CLANG_WARN_COMMA = YES;
				CLANG_WARN_CONSTANT_CONVERSION = YES;
				CLANG_WARN_DEPRECATED_OBJC_IMPLEMENTATIONS = YES;
				CLANG_WARN_DIRECT_OBJC_ISA_USAGE = YES_ERROR;
				CLANG_WARN_DOCUMENTATION_COMMENTS = YES;
				CLANG_WARN_EMPTY_BODY = YES;
				CLANG_WARN_ENUM_CONVERSION = YES;
				CLANG_WARN_INFINITE_RECURSION = YES;
				CLANG_WARN_INT_CONVERSION = YES;
				CLANG_WARN_NON_LITERAL_NULL_CONVERSION = YES;
				CLANG_WARN_OBJC_IMPLICIT_RETAIN_SELF = YES;
				CLANG_WARN_OBJC_LITERAL_CONVERSION = YES;
				CLANG_WARN_OBJC_ROOT_CLASS = YES_ERROR;
				CLANG_WARN_QUOTED_INCLUDE_IN_FRAMEWORK_HEADER = YES;
				CLANG_WARN_RANGE_LOOP_ANALYSIS = YES;
				CLANG_WARN_STRICT_PROTOTYPES = YES;
				CLANG_WARN_SUSPICIOUS_MOVE = YES;
				CLANG_WARN_UNGUARDED_AVAILABILITY = YES_AGGRESSIVE;
				CLANG_WARN_UNREACHABLE_CODE = YES;
				CLANG_WARN__DUPLICATE_METHOD_MATCH = YES;
				COPY_PHASE_STRIP = NO;
				DEBUG_INFORMATION_FORMAT = dwarf;
				ENABLE_STRICT_OBJC_MSGSEND = YES;
				ENABLE_TESTABILITY = YES;
				GCC_C_LANGUAGE_STANDARD = gnu11;
				GCC_DYNAMIC_NO_PIC = NO;
				GCC_NO_COMMON_BLOCKS = YES;
				GCC_OPTIMIZATION_LEVEL = 0;
				GCC_PREPROCESSOR_DEFINITIONS = (
					"DEBUG=1",
					"$(inherited)",
				);
				GCC_WARN_64_TO_32_BIT_CONVERSION = YES;
				GCC_WARN_ABOUT_RETURN_TYPE = YES_ERROR;
				GCC_WARN_UNDECLARED_SELECTOR = YES;
				GCC_WARN_UNINITIALIZED_AUTOS = YES_AGGRESSIVE;
				GCC_WARN_UNUSED_FUNCTION = YES;
				GCC_WARN_UNUSED_VARIABLE = YES;
				IPHONEOS_DEPLOYMENT_TARGET = 14.1;
				MTL_ENABLE_DEBUG_INFO = INCLUDE_SOURCE;
				MTL_FAST_MATH = YES;
				ONLY_ACTIVE_ARCH = YES;
				SDKROOT = iphoneos;
				SWIFT_ACTIVE_COMPILATION_CONDITIONS = DEBUG;
				SWIFT_OPTIMIZATION_LEVEL = "-Onone";
			};
			name = Debug;
		};
		D44DBFF7261D16D100B6619F /* Release */ = {
			isa = XCBuildConfiguration;
			buildSettings = {
				ALWAYS_SEARCH_USER_PATHS = NO;
				CLANG_ANALYZER_NONNULL = YES;
				CLANG_ANALYZER_NUMBER_OBJECT_CONVERSION = YES_AGGRESSIVE;
				CLANG_CXX_LANGUAGE_STANDARD = "gnu++14";
				CLANG_CXX_LIBRARY = "libc++";
				CLANG_ENABLE_MODULES = YES;
				CLANG_ENABLE_OBJC_ARC = YES;
				CLANG_ENABLE_OBJC_WEAK = YES;
				CLANG_WARN_BLOCK_CAPTURE_AUTORELEASING = YES;
				CLANG_WARN_BOOL_CONVERSION = YES;
				CLANG_WARN_COMMA = YES;
				CLANG_WARN_CONSTANT_CONVERSION = YES;
				CLANG_WARN_DEPRECATED_OBJC_IMPLEMENTATIONS = YES;
				CLANG_WARN_DIRECT_OBJC_ISA_USAGE = YES_ERROR;
				CLANG_WARN_DOCUMENTATION_COMMENTS = YES;
				CLANG_WARN_EMPTY_BODY = YES;
				CLANG_WARN_ENUM_CONVERSION = YES;
				CLANG_WARN_INFINITE_RECURSION = YES;
				CLANG_WARN_INT_CONVERSION = YES;
				CLANG_WARN_NON_LITERAL_NULL_CONVERSION = YES;
				CLANG_WARN_OBJC_IMPLICIT_RETAIN_SELF = YES;
				CLANG_WARN_OBJC_LITERAL_CONVERSION = YES;
				CLANG_WARN_OBJC_ROOT_CLASS = YES_ERROR;
				CLANG_WARN_QUOTED_INCLUDE_IN_FRAMEWORK_HEADER = YES;
				CLANG_WARN_RANGE_LOOP_ANALYSIS = YES;
				CLANG_WARN_STRICT_PROTOTYPES = YES;
				CLANG_WARN_SUSPICIOUS_MOVE = YES;
				CLANG_WARN_UNGUARDED_AVAILABILITY = YES_AGGRESSIVE;
				CLANG_WARN_UNREACHABLE_CODE = YES;
				CLANG_WARN__DUPLICATE_METHOD_MATCH = YES;
				COPY_PHASE_STRIP = NO;
				DEBUG_INFORMATION_FORMAT = "dwarf-with-dsym";
				ENABLE_NS_ASSERTIONS = NO;
				ENABLE_STRICT_OBJC_MSGSEND = YES;
				GCC_C_LANGUAGE_STANDARD = gnu11;
				GCC_NO_COMMON_BLOCKS = YES;
				GCC_WARN_64_TO_32_BIT_CONVERSION = YES;
				GCC_WARN_ABOUT_RETURN_TYPE = YES_ERROR;
				GCC_WARN_UNDECLARED_SELECTOR = YES;
				GCC_WARN_UNINITIALIZED_AUTOS = YES_AGGRESSIVE;
				GCC_WARN_UNUSED_FUNCTION = YES;
				GCC_WARN_UNUSED_VARIABLE = YES;
				IPHONEOS_DEPLOYMENT_TARGET = 14.1;
				MTL_ENABLE_DEBUG_INFO = NO;
				MTL_FAST_MATH = YES;
				SDKROOT = iphoneos;
				SWIFT_COMPILATION_MODE = wholemodule;
				SWIFT_OPTIMIZATION_LEVEL = "-O";
				VALIDATE_PRODUCT = YES;
			};
			name = Release;
		};
		D44DBFF9261D16D100B6619F /* Debug */ = {
			isa = XCBuildConfiguration;
			buildSettings = {
				ASSETCATALOG_COMPILER_APPICON_NAME = AppIcon;
				ASSETCATALOG_COMPILER_GLOBAL_ACCENT_COLOR_NAME = AccentColor;
				CODE_SIGN_STYLE = Automatic;
				DEVELOPMENT_TEAM = 9C97398MPL;
				INFOPLIST_FILE = BackgroundEditor/Info.plist;
				LD_RUNPATH_SEARCH_PATHS = (
					"$(inherited)",
					"@executable_path/Frameworks",
				);
				PRODUCT_BUNDLE_IDENTIFIER = com.flavio.backgroundeditor;
				PRODUCT_NAME = "$(TARGET_NAME)";
				SWIFT_VERSION = 5.0;
				TARGETED_DEVICE_FAMILY = "1,2";
			};
			name = Debug;
		};
		D44DBFFA261D16D100B6619F /* Release */ = {
			isa = XCBuildConfiguration;
			buildSettings = {
				ASSETCATALOG_COMPILER_APPICON_NAME = AppIcon;
				ASSETCATALOG_COMPILER_GLOBAL_ACCENT_COLOR_NAME = AccentColor;
				CODE_SIGN_STYLE = Automatic;
				DEVELOPMENT_TEAM = 9C97398MPL;
				INFOPLIST_FILE = BackgroundEditor/Info.plist;
				LD_RUNPATH_SEARCH_PATHS = (
					"$(inherited)",
					"@executable_path/Frameworks",
				);
				PRODUCT_BUNDLE_IDENTIFIER = com.flavio.backgroundeditor;
				PRODUCT_NAME = "$(TARGET_NAME)";
				SWIFT_VERSION = 5.0;
				TARGETED_DEVICE_FAMILY = "1,2";
			};
			name = Release;
		};
		D44DBFFC261D16D100B6619F /* Debug */ = {
			isa = XCBuildConfiguration;
			buildSettings = {
				ALWAYS_EMBED_SWIFT_STANDARD_LIBRARIES = YES;
				BUNDLE_LOADER = "$(TEST_HOST)";
				CODE_SIGN_STYLE = Automatic;
				INFOPLIST_FILE = BackgroundEditorTests/Info.plist;
				IPHONEOS_DEPLOYMENT_TARGET = 14.4;
				LD_RUNPATH_SEARCH_PATHS = (
					"$(inherited)",
					"@executable_path/Frameworks",
					"@loader_path/Frameworks",
				);
				PRODUCT_BUNDLE_IDENTIFIER = trademe.BackgroundEditorTests;
				PRODUCT_NAME = "$(TARGET_NAME)";
				SWIFT_VERSION = 5.0;
				TARGETED_DEVICE_FAMILY = "1,2";
				TEST_HOST = "$(BUILT_PRODUCTS_DIR)/BackgroundEditor.app/BackgroundEditor";
			};
			name = Debug;
		};
		D44DBFFD261D16D100B6619F /* Release */ = {
			isa = XCBuildConfiguration;
			buildSettings = {
				ALWAYS_EMBED_SWIFT_STANDARD_LIBRARIES = YES;
				BUNDLE_LOADER = "$(TEST_HOST)";
				CODE_SIGN_STYLE = Automatic;
				INFOPLIST_FILE = BackgroundEditorTests/Info.plist;
				IPHONEOS_DEPLOYMENT_TARGET = 14.4;
				LD_RUNPATH_SEARCH_PATHS = (
					"$(inherited)",
					"@executable_path/Frameworks",
					"@loader_path/Frameworks",
				);
				PRODUCT_BUNDLE_IDENTIFIER = trademe.BackgroundEditorTests;
				PRODUCT_NAME = "$(TARGET_NAME)";
				SWIFT_VERSION = 5.0;
				TARGETED_DEVICE_FAMILY = "1,2";
				TEST_HOST = "$(BUILT_PRODUCTS_DIR)/BackgroundEditor.app/BackgroundEditor";
			};
			name = Release;
		};
		D44DBFFF261D16D100B6619F /* Debug */ = {
			isa = XCBuildConfiguration;
			buildSettings = {
				ALWAYS_EMBED_SWIFT_STANDARD_LIBRARIES = YES;
				CODE_SIGN_STYLE = Automatic;
				INFOPLIST_FILE = BackgroundEditorUITests/Info.plist;
				LD_RUNPATH_SEARCH_PATHS = (
					"$(inherited)",
					"@executable_path/Frameworks",
					"@loader_path/Frameworks",
				);
				PRODUCT_BUNDLE_IDENTIFIER = trademe.BackgroundEditorUITests;
				PRODUCT_NAME = "$(TARGET_NAME)";
				SWIFT_VERSION = 5.0;
				TARGETED_DEVICE_FAMILY = "1,2";
				TEST_TARGET_NAME = BackgroundEditor;
			};
			name = Debug;
		};
		D44DC000261D16D100B6619F /* Release */ = {
			isa = XCBuildConfiguration;
			buildSettings = {
				ALWAYS_EMBED_SWIFT_STANDARD_LIBRARIES = YES;
				CODE_SIGN_STYLE = Automatic;
				INFOPLIST_FILE = BackgroundEditorUITests/Info.plist;
				LD_RUNPATH_SEARCH_PATHS = (
					"$(inherited)",
					"@executable_path/Frameworks",
					"@loader_path/Frameworks",
				);
				PRODUCT_BUNDLE_IDENTIFIER = trademe.BackgroundEditorUITests;
				PRODUCT_NAME = "$(TARGET_NAME)";
				SWIFT_VERSION = 5.0;
				TARGETED_DEVICE_FAMILY = "1,2";
				TEST_TARGET_NAME = BackgroundEditor;
			};
			name = Release;
		};
/* End XCBuildConfiguration section */

/* Begin XCConfigurationList section */
		D44DBFC9261D16CD00B6619F /* Build configuration list for PBXProject "BackgroundEditor" */ = {
			isa = XCConfigurationList;
			buildConfigurations = (
				D44DBFF6261D16D100B6619F /* Debug */,
				D44DBFF7261D16D100B6619F /* Release */,
			);
			defaultConfigurationIsVisible = 0;
			defaultConfigurationName = Release;
		};
		D44DBFF8261D16D100B6619F /* Build configuration list for PBXNativeTarget "BackgroundEditor" */ = {
			isa = XCConfigurationList;
			buildConfigurations = (
				D44DBFF9261D16D100B6619F /* Debug */,
				D44DBFFA261D16D100B6619F /* Release */,
			);
			defaultConfigurationIsVisible = 0;
			defaultConfigurationName = Release;
		};
		D44DBFFB261D16D100B6619F /* Build configuration list for PBXNativeTarget "BackgroundEditorTests" */ = {
			isa = XCConfigurationList;
			buildConfigurations = (
				D44DBFFC261D16D100B6619F /* Debug */,
				D44DBFFD261D16D100B6619F /* Release */,
			);
			defaultConfigurationIsVisible = 0;
			defaultConfigurationName = Release;
		};
		D44DBFFE261D16D100B6619F /* Build configuration list for PBXNativeTarget "BackgroundEditorUITests" */ = {
			isa = XCConfigurationList;
			buildConfigurations = (
				D44DBFFF261D16D100B6619F /* Debug */,
				D44DC000261D16D100B6619F /* Release */,
			);
			defaultConfigurationIsVisible = 0;
			defaultConfigurationName = Release;
		};
/* End XCConfigurationList section */
	};
	rootObject = D44DBFC6261D16CD00B6619F /* Project object */;
}
